
Microsoft Visual Studio Solution File, Format Version 12.00
# Visual Studio Version 17
VisualStudioVersion = 17.8.34330.188
MinimumVisualStudioVersion = 10.0.40219.1
Project("{9A19103F-16F7-4668-BE54-9A1E7A4F7556}") = "DomainLayer", "DomainLayer\DomainLayer.csproj", "{6B73D9C4-5B65-40FB-8FD7-7786AA48AD7E}"
EndProject
Project("{9A19103F-16F7-4668-BE54-9A1E7A4F7556}") = "RepositoryLayer", "RepositoryLayer\RepositoryLayer.csproj", "{182C1D63-F3BD-4040-9A48-38570E2BA4A9}"
EndProject
Project("{9A19103F-16F7-4668-BE54-9A1E7A4F7556}") = "ServiceLayer", "ServiceLayer\ServiceLayer.csproj", "{AEF99090-ADD5-4A2F-97D3-8735EDAC9D62}"
EndProject
Project("{9A19103F-16F7-4668-BE54-9A1E7A4F7556}") = "WebAPI", "WebAPI\WebAPI.csproj", "{FA10F4D8-BCCE-42B0-8401-15B3C3E6B373}"
EndProject
Project("{E53339B2-1760-4266-BCC7-CA923CBCF16C}") = "docker-compose", "docker-compose.dcproj", "{FE03FAB0-5ED5-4109-817D-904500574B64}"
EndProject
Global
	GlobalSection(SolutionConfigurationPlatforms) = preSolution
		Debug|Any CPU = Debug|Any CPU
		Release|Any CPU = Release|Any CPU
	EndGlobalSection
	GlobalSection(ProjectConfigurationPlatforms) = postSolution
		{6B73D9C4-5B65-40FB-8FD7-7786AA48AD7E}.Debug|Any CPU.ActiveCfg = Debug|Any CPU
		{6B73D9C4-5B65-40FB-8FD7-7786AA48AD7E}.Debug|Any CPU.Build.0 = Debug|Any CPU
		{6B73D9C4-5B65-40FB-8FD7-7786AA48AD7E}.Release|Any CPU.ActiveCfg = Release|Any CPU
		{6B73D9C4-5B65-40FB-8FD7-7786AA48AD7E}.Release|Any CPU.Build.0 = Release|Any CPU
		{182C1D63-F3BD-4040-9A48-38570E2BA4A9}.Debug|Any CPU.ActiveCfg = Debug|Any CPU
		{182C1D63-F3BD-4040-9A48-38570E2BA4A9}.Debug|Any CPU.Build.0 = Debug|Any CPU
		{182C1D63-F3BD-4040-9A48-38570E2BA4A9}.Release|Any CPU.ActiveCfg = Release|Any CPU
		{182C1D63-F3BD-4040-9A48-38570E2BA4A9}.Release|Any CPU.Build.0 = Release|Any CPU
		{AEF99090-ADD5-4A2F-97D3-8735EDAC9D62}.Debug|Any CPU.ActiveCfg = Debug|Any CPU
		{AEF99090-ADD5-4A2F-97D3-8735EDAC9D62}.Debug|Any CPU.Build.0 = Debug|Any CPU
		{AEF99090-ADD5-4A2F-97D3-8735EDAC9D62}.Release|Any CPU.ActiveCfg = Release|Any CPU
		{AEF99090-ADD5-4A2F-97D3-8735EDAC9D62}.Release|Any CPU.Build.0 = Release|Any CPU
		{FA10F4D8-BCCE-42B0-8401-15B3C3E6B373}.Debug|Any CPU.ActiveCfg = Debug|Any CPU
		{FA10F4D8-BCCE-42B0-8401-15B3C3E6B373}.Debug|Any CPU.Build.0 = Debug|Any CPU
		{FA10F4D8-BCCE-42B0-8401-15B3C3E6B373}.Release|Any CPU.ActiveCfg = Release|Any CPU
		{FA10F4D8-BCCE-42B0-8401-15B3C3E6B373}.Release|Any CPU.Build.0 = Release|Any CPU
		{FE03FAB0-5ED5-4109-817D-904500574B64}.Debug|Any CPU.ActiveCfg = Debug|Any CPU
		{FE03FAB0-5ED5-4109-817D-904500574B64}.Debug|Any CPU.Build.0 = Debug|Any CPU
		{FE03FAB0-5ED5-4109-817D-904500574B64}.Release|Any CPU.ActiveCfg = Release|Any CPU
		{FE03FAB0-5ED5-4109-817D-904500574B64}.Release|Any CPU.Build.0 = Release|Any CPU
	EndGlobalSection
	GlobalSection(SolutionProperties) = preSolution
		HideSolutionNode = FALSE
	EndGlobalSection
	GlobalSection(ExtensibilityGlobals) = postSolution
		SolutionGuid = {316DB66C-4A98-4D73-B383-4BBB25FB6801}
	EndGlobalSection
EndGlobal
